
Microsoft Visual Studio Solution File, Format Version 12.00
# Visual Studio Version 16
VisualStudioVersion = 16.0.33027.164
MinimumVisualStudioVersion = 10.0.40219.1
Project("{FAE04EC0-301F-11D3-BF4B-00C04F79EFBC}") = "SGSteady.Server", "SGSteady\Server\SGSteady.Server.csproj", "{70B33C89-6713-4C2A-BB68-79CB3038FC7B}"
EndProject
Project("{FAE04EC0-301F-11D3-BF4B-00C04F79EFBC}") = "SGSteady.Client", "SGSteady\Client\SGSteady.Client.csproj", "{BDB8E212-ABCF-4B2E-AEF1-774E345DE039}"
EndProject
Project("{FAE04EC0-301F-11D3-BF4B-00C04F79EFBC}") = "SGSteady.Shared", "SGSteady\Shared\SGSteady.Shared.csproj", "{0BC150DD-C6E3-42F5-9095-F71481AE2B57}"
EndProject
Global
	GlobalSection(SolutionConfigurationPlatforms) = preSolution
		Debug|Any CPU = Debug|Any CPU
		Release|Any CPU = Release|Any CPU
	EndGlobalSection
	GlobalSection(ProjectConfigurationPlatforms) = postSolution
		{70B33C89-6713-4C2A-BB68-79CB3038FC7B}.Debug|Any CPU.ActiveCfg = Debug|Any CPU
		{70B33C89-6713-4C2A-BB68-79CB3038FC7B}.Debug|Any CPU.Build.0 = Debug|Any CPU
		{70B33C89-6713-4C2A-BB68-79CB3038FC7B}.Release|Any CPU.ActiveCfg = Release|Any CPU
		{70B33C89-6713-4C2A-BB68-79CB3038FC7B}.Release|Any CPU.Build.0 = Release|Any CPU
		{BDB8E212-ABCF-4B2E-AEF1-774E345DE039}.Debug|Any CPU.ActiveCfg = Debug|Any CPU
		{BDB8E212-ABCF-4B2E-AEF1-774E345DE039}.Debug|Any CPU.Build.0 = Debug|Any CPU
		{BDB8E212-ABCF-4B2E-AEF1-774E345DE039}.Release|Any CPU.ActiveCfg = Release|Any CPU
		{BDB8E212-ABCF-4B2E-AEF1-774E345DE039}.Release|Any CPU.Build.0 = Release|Any CPU
		{0BC150DD-C6E3-42F5-9095-F71481AE2B57}.Debug|Any CPU.ActiveCfg = Debug|Any CPU
		{0BC150DD-C6E3-42F5-9095-F71481AE2B57}.Debug|Any CPU.Build.0 = Debug|Any CPU
		{0BC150DD-C6E3-42F5-9095-F71481AE2B57}.Release|Any CPU.ActiveCfg = Release|Any CPU
		{0BC150DD-C6E3-42F5-9095-F71481AE2B57}.Release|Any CPU.Build.0 = Release|Any CPU
	EndGlobalSection
	GlobalSection(SolutionProperties) = preSolution
		HideSolutionNode = FALSE
	EndGlobalSection
	GlobalSection(ExtensibilityGlobals) = postSolution
		SolutionGuid = {650D0D5E-3D1F-45D5-92D9-00550C2C25EC}
	EndGlobalSection
EndGlobal
